
Microsoft Visual Studio Solution File, Format Version 12.00
# Visual Studio Version 17
VisualStudioVersion = 17.9.34723.18
MinimumVisualStudioVersion = 10.0.40219.1
Project("{FAE04EC0-301F-11D3-BF4B-00C04F79EFBC}") = "ProductionModel", "ProductionModel.csproj", "{4E42EABD-7D79-4C67-BCD1-29538128202E}"
EndProject
Global
	GlobalSection(SolutionConfigurationPlatforms) = preSolution
		Debug|Any CPU = Debug|Any CPU
		Release|Any CPU = Release|Any CPU
	EndGlobalSection
	GlobalSection(ProjectConfigurationPlatforms) = postSolution
		{4E42EABD-7D79-4C67-BCD1-29538128202E}.Debug|Any CPU.ActiveCfg = Debug|Any CPU
		{4E42EABD-7D79-4C67-BCD1-29538128202E}.Debug|Any CPU.Build.0 = Debug|Any CPU
		{4E42EABD-7D79-4C67-BCD1-29538128202E}.Release|Any CPU.ActiveCfg = Release|Any CPU
		{4E42EABD-7D79-4C67-BCD1-29538128202E}.Release|Any CPU.Build.0 = Release|Any CPU
	EndGlobalSection
	GlobalSection(SolutionProperties) = preSolution
		HideSolutionNode = FALSE
	EndGlobalSection
	GlobalSection(ExtensibilityGlobals) = postSolution
		SolutionGuid = {9DCA1624-63EE-4C1F-8438-89257F8519C1}
	EndGlobalSection
EndGlobal
